
Microsoft Visual Studio Solution File, Format Version 12.00
# Visual Studio Version 17
VisualStudioVersion = 17.5.002.0
MinimumVisualStudioVersion = 10.0.40219.1
Project("{2150E333-8FDC-42A3-9474-1A3956D46DE8}") = "1_First_Steps", "1_First_Steps", "{2BD74573-D292-4AF2-B1A3-AFC87AFE799D}"
EndProject
Project("{9A19103F-16F7-4668-BE54-9A1E7A4F7556}") = "test", "1_First_Steps\1_Hello_Softuni\test.csproj", "{DAC39BA8-E6FF-4C4F-B76D-230AE981D79A}"
EndProject
Project("{9A19103F-16F7-4668-BE54-9A1E7A4F7556}") = "2_One_to_Ten", "1_First_Steps\2_Nums_1_10\2_One_to_Ten.csproj", "{EFBC6447-4BA9-4E06-A63A-ABAB64DDDBF6}"
EndProject
Project("{FAE04EC0-301F-11D3-BF4B-00C04F79EFBC}") = "3_Rectangle_Area", "1_First_Steps\3_Rectangle_Area\3_Rectangle_Area.csproj", "{2B97B616-DA33-4BB4-8551-C9F51C407DB1}"
EndProject
Project("{FAE04EC0-301F-11D3-BF4B-00C04F79EFBC}") = "4_Inches_to_Centimeters", "1_First_Steps\4_Inches_to_Centimeters\4_Inches_to_Centimeters.csproj", "{4474E7B7-5F89-47B6-848F-75C3D9796660}"
EndProject
Project("{FAE04EC0-301F-11D3-BF4B-00C04F79EFBC}") = "5_Greeting_By_Name", "1_First_Steps\5_Greeting_By_Name\5_Greeting_By_Name.csproj", "{A54F7DB2-094F-412D-B606-906E434E25AD}"
EndProject
Project("{FAE04EC0-301F-11D3-BF4B-00C04F79EFBC}") = "6_Concatenate_Data", "1_First_Steps\6_Concatenate_Data\6_Concatenate_Data.csproj", "{1C5A0DFC-3368-4B3F-8B24-47D1AAEA2CD0}"
EndProject
Project("{FAE04EC0-301F-11D3-BF4B-00C04F79EFBC}") = "7_Projects_Creation", "1_First_Steps\7_Projects_Creation\7_Projects_Creation.csproj", "{F36C10EF-A760-4D2B-B233-FFA68A024767}"
EndProject
Project("{FAE04EC0-301F-11D3-BF4B-00C04F79EFBC}") = "8_Pet_Shop", "1_First_Steps\8_Pet_Shop\8_Pet_Shop.csproj", "{5CD82319-BC60-47ED-B7F0-CC1A8B012B7E}"
EndProject
Project("{FAE04EC0-301F-11D3-BF4B-00C04F79EFBC}") = "9_Yard_Greening", "1_First_Steps\9_Yard_Greening\9_Yard_Greening.csproj", "{DE76B37A-2E97-458A-A5A2-397EBF4627E5}"
EndProject
Project("{FAE04EC0-301F-11D3-BF4B-00C04F79EFBC}") = "1_USD_to_BGN", "2_First_Steps_Excercise\1_USD_to_BGN\1_USD_to_BGN.csproj", "{224173F3-1CE4-4FF7-AB14-E43385D36E42}"
EndProject
Project("{2150E333-8FDC-42A3-9474-1A3956D46DE8}") = "2_First_Steps_Excercise", "2_First_Steps_Excercise", "{428A130C-3124-400A-9529-EC8EB6C93D26}"
EndProject
Project("{FAE04EC0-301F-11D3-BF4B-00C04F79EFBC}") = "2_Radians_To_Degrees", "2_First_Steps_Excercise\2_Radians_To_Degrees\2_Radians_To_Degrees.csproj", "{8498E03F-AEDE-4DD3-AFD5-DE244CCBC38E}"
EndProject
Project("{FAE04EC0-301F-11D3-BF4B-00C04F79EFBC}") = "3_Deposit_Calculator", "2_First_Steps_Excercise\3_Deposit_Calculator\3_Deposit_Calculator.csproj", "{24B97E6D-510D-4A74-B659-8D4BDC8AA8A8}"
EndProject
Project("{FAE04EC0-301F-11D3-BF4B-00C04F79EFBC}") = "4_Vacation_Books_List", "2_First_Steps_Excercise\4_Vacation_Books_List\4_Vacation_Books_List.csproj", "{64E6815C-B1FC-4E7B-B4E2-4DBB377DBBF3}"
EndProject
Project("{FAE04EC0-301F-11D3-BF4B-00C04F79EFBC}") = "5_Supplies_for_School", "2_First_Steps_Excercise\5_Supplies_for_School\5_Supplies_for_School.csproj", "{99A2E5A3-ABF2-4C33-A1F8-3EC332137BB8}"
EndProject
Project("{FAE04EC0-301F-11D3-BF4B-00C04F79EFBC}") = "6_Repainting", "2_First_Steps_Excercise\6_Repainting\6_Repainting.csproj", "{704A46A6-31F8-4026-B393-957EC04B707E}"
EndProject
Global
	GlobalSection(SolutionConfigurationPlatforms) = preSolution
		Debug|Any CPU = Debug|Any CPU
		Release|Any CPU = Release|Any CPU
	EndGlobalSection
	GlobalSection(ProjectConfigurationPlatforms) = postSolution
		{DAC39BA8-E6FF-4C4F-B76D-230AE981D79A}.Debug|Any CPU.ActiveCfg = Debug|Any CPU
		{DAC39BA8-E6FF-4C4F-B76D-230AE981D79A}.Debug|Any CPU.Build.0 = Debug|Any CPU
		{DAC39BA8-E6FF-4C4F-B76D-230AE981D79A}.Release|Any CPU.ActiveCfg = Release|Any CPU
		{DAC39BA8-E6FF-4C4F-B76D-230AE981D79A}.Release|Any CPU.Build.0 = Release|Any CPU
		{EFBC6447-4BA9-4E06-A63A-ABAB64DDDBF6}.Debug|Any CPU.ActiveCfg = Debug|Any CPU
		{EFBC6447-4BA9-4E06-A63A-ABAB64DDDBF6}.Debug|Any CPU.Build.0 = Debug|Any CPU
		{EFBC6447-4BA9-4E06-A63A-ABAB64DDDBF6}.Release|Any CPU.ActiveCfg = Release|Any CPU
		{EFBC6447-4BA9-4E06-A63A-ABAB64DDDBF6}.Release|Any CPU.Build.0 = Release|Any CPU
		{2B97B616-DA33-4BB4-8551-C9F51C407DB1}.Debug|Any CPU.ActiveCfg = Debug|Any CPU
		{2B97B616-DA33-4BB4-8551-C9F51C407DB1}.Debug|Any CPU.Build.0 = Debug|Any CPU
		{2B97B616-DA33-4BB4-8551-C9F51C407DB1}.Release|Any CPU.ActiveCfg = Release|Any CPU
		{2B97B616-DA33-4BB4-8551-C9F51C407DB1}.Release|Any CPU.Build.0 = Release|Any CPU
		{4474E7B7-5F89-47B6-848F-75C3D9796660}.Debug|Any CPU.ActiveCfg = Debug|Any CPU
		{4474E7B7-5F89-47B6-848F-75C3D9796660}.Debug|Any CPU.Build.0 = Debug|Any CPU
		{4474E7B7-5F89-47B6-848F-75C3D9796660}.Release|Any CPU.ActiveCfg = Release|Any CPU
		{4474E7B7-5F89-47B6-848F-75C3D9796660}.Release|Any CPU.Build.0 = Release|Any CPU
		{A54F7DB2-094F-412D-B606-906E434E25AD}.Debug|Any CPU.ActiveCfg = Debug|Any CPU
		{A54F7DB2-094F-412D-B606-906E434E25AD}.Debug|Any CPU.Build.0 = Debug|Any CPU
		{A54F7DB2-094F-412D-B606-906E434E25AD}.Release|Any CPU.ActiveCfg = Release|Any CPU
		{A54F7DB2-094F-412D-B606-906E434E25AD}.Release|Any CPU.Build.0 = Release|Any CPU
		{1C5A0DFC-3368-4B3F-8B24-47D1AAEA2CD0}.Debug|Any CPU.ActiveCfg = Debug|Any CPU
		{1C5A0DFC-3368-4B3F-8B24-47D1AAEA2CD0}.Debug|Any CPU.Build.0 = Debug|Any CPU
		{1C5A0DFC-3368-4B3F-8B24-47D1AAEA2CD0}.Release|Any CPU.ActiveCfg = Release|Any CPU
		{1C5A0DFC-3368-4B3F-8B24-47D1AAEA2CD0}.Release|Any CPU.Build.0 = Release|Any CPU
		{F36C10EF-A760-4D2B-B233-FFA68A024767}.Debug|Any CPU.ActiveCfg = Debug|Any CPU
		{F36C10EF-A760-4D2B-B233-FFA68A024767}.Debug|Any CPU.Build.0 = Debug|Any CPU
		{F36C10EF-A760-4D2B-B233-FFA68A024767}.Release|Any CPU.ActiveCfg = Release|Any CPU
		{F36C10EF-A760-4D2B-B233-FFA68A024767}.Release|Any CPU.Build.0 = Release|Any CPU
		{5CD82319-BC60-47ED-B7F0-CC1A8B012B7E}.Debug|Any CPU.ActiveCfg = Debug|Any CPU
		{5CD82319-BC60-47ED-B7F0-CC1A8B012B7E}.Debug|Any CPU.Build.0 = Debug|Any CPU
		{5CD82319-BC60-47ED-B7F0-CC1A8B012B7E}.Release|Any CPU.ActiveCfg = Release|Any CPU
		{5CD82319-BC60-47ED-B7F0-CC1A8B012B7E}.Release|Any CPU.Build.0 = Release|Any CPU
		{DE76B37A-2E97-458A-A5A2-397EBF4627E5}.Debug|Any CPU.ActiveCfg = Debug|Any CPU
		{DE76B37A-2E97-458A-A5A2-397EBF4627E5}.Debug|Any CPU.Build.0 = Debug|Any CPU
		{DE76B37A-2E97-458A-A5A2-397EBF4627E5}.Release|Any CPU.ActiveCfg = Release|Any CPU
		{DE76B37A-2E97-458A-A5A2-397EBF4627E5}.Release|Any CPU.Build.0 = Release|Any CPU
		{224173F3-1CE4-4FF7-AB14-E43385D36E42}.Debug|Any CPU.ActiveCfg = Debug|Any CPU
		{224173F3-1CE4-4FF7-AB14-E43385D36E42}.Debug|Any CPU.Build.0 = Debug|Any CPU
		{224173F3-1CE4-4FF7-AB14-E43385D36E42}.Release|Any CPU.ActiveCfg = Release|Any CPU
		{224173F3-1CE4-4FF7-AB14-E43385D36E42}.Release|Any CPU.Build.0 = Release|Any CPU
		{8498E03F-AEDE-4DD3-AFD5-DE244CCBC38E}.Debug|Any CPU.ActiveCfg = Debug|Any CPU
		{8498E03F-AEDE-4DD3-AFD5-DE244CCBC38E}.Debug|Any CPU.Build.0 = Debug|Any CPU
		{8498E03F-AEDE-4DD3-AFD5-DE244CCBC38E}.Release|Any CPU.ActiveCfg = Release|Any CPU
		{8498E03F-AEDE-4DD3-AFD5-DE244CCBC38E}.Release|Any CPU.Build.0 = Release|Any CPU
		{24B97E6D-510D-4A74-B659-8D4BDC8AA8A8}.Debug|Any CPU.ActiveCfg = Debug|Any CPU
		{24B97E6D-510D-4A74-B659-8D4BDC8AA8A8}.Debug|Any CPU.Build.0 = Debug|Any CPU
		{24B97E6D-510D-4A74-B659-8D4BDC8AA8A8}.Release|Any CPU.ActiveCfg = Release|Any CPU
		{24B97E6D-510D-4A74-B659-8D4BDC8AA8A8}.Release|Any CPU.Build.0 = Release|Any CPU
		{64E6815C-B1FC-4E7B-B4E2-4DBB377DBBF3}.Debug|Any CPU.ActiveCfg = Debug|Any CPU
		{64E6815C-B1FC-4E7B-B4E2-4DBB377DBBF3}.Debug|Any CPU.Build.0 = Debug|Any CPU
		{64E6815C-B1FC-4E7B-B4E2-4DBB377DBBF3}.Release|Any CPU.ActiveCfg = Release|Any CPU
		{64E6815C-B1FC-4E7B-B4E2-4DBB377DBBF3}.Release|Any CPU.Build.0 = Release|Any CPU
		{99A2E5A3-ABF2-4C33-A1F8-3EC332137BB8}.Debug|Any CPU.ActiveCfg = Debug|Any CPU
		{99A2E5A3-ABF2-4C33-A1F8-3EC332137BB8}.Debug|Any CPU.Build.0 = Debug|Any CPU
		{99A2E5A3-ABF2-4C33-A1F8-3EC332137BB8}.Release|Any CPU.ActiveCfg = Release|Any CPU
		{99A2E5A3-ABF2-4C33-A1F8-3EC332137BB8}.Release|Any CPU.Build.0 = Release|Any CPU
		{704A46A6-31F8-4026-B393-957EC04B707E}.Debug|Any CPU.ActiveCfg = Debug|Any CPU
		{704A46A6-31F8-4026-B393-957EC04B707E}.Debug|Any CPU.Build.0 = Debug|Any CPU
		{704A46A6-31F8-4026-B393-957EC04B707E}.Release|Any CPU.ActiveCfg = Release|Any CPU
		{704A46A6-31F8-4026-B393-957EC04B707E}.Release|Any CPU.Build.0 = Release|Any CPU
	EndGlobalSection
	GlobalSection(SolutionProperties) = preSolution
		HideSolutionNode = FALSE
	EndGlobalSection
	GlobalSection(NestedProjects) = preSolution
		{DAC39BA8-E6FF-4C4F-B76D-230AE981D79A} = {2BD74573-D292-4AF2-B1A3-AFC87AFE799D}
		{EFBC6447-4BA9-4E06-A63A-ABAB64DDDBF6} = {2BD74573-D292-4AF2-B1A3-AFC87AFE799D}
		{2B97B616-DA33-4BB4-8551-C9F51C407DB1} = {2BD74573-D292-4AF2-B1A3-AFC87AFE799D}
		{4474E7B7-5F89-47B6-848F-75C3D9796660} = {2BD74573-D292-4AF2-B1A3-AFC87AFE799D}
		{A54F7DB2-094F-412D-B606-906E434E25AD} = {2BD74573-D292-4AF2-B1A3-AFC87AFE799D}
		{1C5A0DFC-3368-4B3F-8B24-47D1AAEA2CD0} = {2BD74573-D292-4AF2-B1A3-AFC87AFE799D}
		{F36C10EF-A760-4D2B-B233-FFA68A024767} = {2BD74573-D292-4AF2-B1A3-AFC87AFE799D}
		{5CD82319-BC60-47ED-B7F0-CC1A8B012B7E} = {2BD74573-D292-4AF2-B1A3-AFC87AFE799D}
		{DE76B37A-2E97-458A-A5A2-397EBF4627E5} = {2BD74573-D292-4AF2-B1A3-AFC87AFE799D}
		{224173F3-1CE4-4FF7-AB14-E43385D36E42} = {2BD74573-D292-4AF2-B1A3-AFC87AFE799D}
		{8498E03F-AEDE-4DD3-AFD5-DE244CCBC38E} = {428A130C-3124-400A-9529-EC8EB6C93D26}
		{24B97E6D-510D-4A74-B659-8D4BDC8AA8A8} = {428A130C-3124-400A-9529-EC8EB6C93D26}
		{64E6815C-B1FC-4E7B-B4E2-4DBB377DBBF3} = {428A130C-3124-400A-9529-EC8EB6C93D26}
		{99A2E5A3-ABF2-4C33-A1F8-3EC332137BB8} = {428A130C-3124-400A-9529-EC8EB6C93D26}
		{704A46A6-31F8-4026-B393-957EC04B707E} = {428A130C-3124-400A-9529-EC8EB6C93D26}
	EndGlobalSection
	GlobalSection(ExtensibilityGlobals) = postSolution
		SolutionGuid = {698B2FA7-D872-45BA-8DA2-65B2910B6A74}
	EndGlobalSection
EndGlobal
